
Microsoft Visual Studio Solution File, Format Version 12.00
# Visual Studio Version 17
VisualStudioVersion = 17.2.32516.85
MinimumVisualStudioVersion = 10.0.40219.1
Project("{9A19103F-16F7-4668-BE54-9A1E7A4F7556}") = "InleveropdrGijs", "InleveropdrGijs\InleveropdrGijs.csproj", "{FAC2EF53-9B92-44AE-9910-103B3E282033}"
EndProject
Global
	GlobalSection(SolutionConfigurationPlatforms) = preSolution
		Debug|Any CPU = Debug|Any CPU
		Release|Any CPU = Release|Any CPU
	EndGlobalSection
	GlobalSection(ProjectConfigurationPlatforms) = postSolution
		{FAC2EF53-9B92-44AE-9910-103B3E282033}.Debug|Any CPU.ActiveCfg = Debug|Any CPU
		{FAC2EF53-9B92-44AE-9910-103B3E282033}.Debug|Any CPU.Build.0 = Debug|Any CPU
		{FAC2EF53-9B92-44AE-9910-103B3E282033}.Release|Any CPU.ActiveCfg = Release|Any CPU
		{FAC2EF53-9B92-44AE-9910-103B3E282033}.Release|Any CPU.Build.0 = Release|Any CPU
	EndGlobalSection
	GlobalSection(SolutionProperties) = preSolution
		HideSolutionNode = FALSE
	EndGlobalSection
	GlobalSection(ExtensibilityGlobals) = postSolution
		SolutionGuid = {BDCC4667-EE5E-4116-BAD4-CD9439AE77AC}
	EndGlobalSection
EndGlobal
